
Microsoft Visual Studio Solution File, Format Version 12.00
# Visual Studio Version 17
VisualStudioVersion = 17.14.36202.13 d17.14
MinimumVisualStudioVersion = 10.0.40219.1
Project("{FAE04EC0-301F-11D3-BF4B-00C04F79EFBC}") = "DemoAPI", "DemoAPI\DemoAPI.csproj", "{EA6E5A4B-5C7A-41E1-9D7A-32E8DAB849EC}"
EndProject
Global
	GlobalSection(SolutionConfigurationPlatforms) = preSolution
		Debug|Any CPU = Debug|Any CPU
		Release|Any CPU = Release|Any CPU
	EndGlobalSection
	GlobalSection(ProjectConfigurationPlatforms) = postSolution
		{EA6E5A4B-5C7A-41E1-9D7A-32E8DAB849EC}.Debug|Any CPU.ActiveCfg = Debug|Any CPU
		{EA6E5A4B-5C7A-41E1-9D7A-32E8DAB849EC}.Debug|Any CPU.Build.0 = Debug|Any CPU
		{EA6E5A4B-5C7A-41E1-9D7A-32E8DAB849EC}.Release|Any CPU.ActiveCfg = Release|Any CPU
		{EA6E5A4B-5C7A-41E1-9D7A-32E8DAB849EC}.Release|Any CPU.Build.0 = Release|Any CPU
	EndGlobalSection
	GlobalSection(SolutionProperties) = preSolution
		HideSolutionNode = FALSE
	EndGlobalSection
	GlobalSection(ExtensibilityGlobals) = postSolution
		SolutionGuid = {EB05617B-E1DC-42BA-A084-982A4B78160A}
	EndGlobalSection
EndGlobal
